
Microsoft Visual Studio Solution File, Format Version 12.00
# Visual Studio Version 17
VisualStudioVersion = 17.11.35303.130
MinimumVisualStudioVersion = 10.0.40219.1
Project("{8BC9CEB8-8B4A-11D0-8D11-00A0C91BC942}") = "PG2_評価課題2", "PG2_評価課題2.vcxproj", "{BE49DDEA-1E81-45AE-82DF-447D83E772DB}"
EndProject
Global
	GlobalSection(SolutionConfigurationPlatforms) = preSolution
		Debug|x64 = Debug|x64
		Release|x64 = Release|x64
	EndGlobalSection
	GlobalSection(ProjectConfigurationPlatforms) = postSolution
		{BE49DDEA-1E81-45AE-82DF-447D83E772DB}.Debug|x64.ActiveCfg = Debug|x64
		{BE49DDEA-1E81-45AE-82DF-447D83E772DB}.Debug|x64.Build.0 = Debug|x64
		{BE49DDEA-1E81-45AE-82DF-447D83E772DB}.Release|x64.ActiveCfg = Release|x64
		{BE49DDEA-1E81-45AE-82DF-447D83E772DB}.Release|x64.Build.0 = Release|x64
	EndGlobalSection
	GlobalSection(SolutionProperties) = preSolution
		HideSolutionNode = FALSE
	EndGlobalSection
	GlobalSection(ExtensibilityGlobals) = postSolution
		SolutionGuid = {DB6C5479-B9B7-4302-9201-AEA929D7614B}
	EndGlobalSection
EndGlobal
